
Microsoft Visual Studio Solution File, Format Version 12.00
# Visual Studio Version 16
VisualStudioVersion = 16.0.29613.14
MinimumVisualStudioVersion = 10.0.40219.1
Project("{FAE04EC0-301F-11D3-BF4B-00C04F79EFBC}") = "InvoiceApp", "InvoiceApp\InvoiceApp.csproj", "{24F3A4B8-9776-4CA2-AF0C-1D057F941381}"
EndProject
Global
	GlobalSection(SolutionConfigurationPlatforms) = preSolution
		Debug|Any CPU = Debug|Any CPU
		Release|Any CPU = Release|Any CPU
	EndGlobalSection
	GlobalSection(ProjectConfigurationPlatforms) = postSolution
		{24F3A4B8-9776-4CA2-AF0C-1D057F941381}.Debug|Any CPU.ActiveCfg = Debug|Any CPU
		{24F3A4B8-9776-4CA2-AF0C-1D057F941381}.Debug|Any CPU.Build.0 = Debug|Any CPU
		{24F3A4B8-9776-4CA2-AF0C-1D057F941381}.Release|Any CPU.ActiveCfg = Release|Any CPU
		{24F3A4B8-9776-4CA2-AF0C-1D057F941381}.Release|Any CPU.Build.0 = Release|Any CPU
	EndGlobalSection
	GlobalSection(SolutionProperties) = preSolution
		HideSolutionNode = FALSE
	EndGlobalSection
	GlobalSection(ExtensibilityGlobals) = postSolution
		SolutionGuid = {0AB6777B-BB2D-479D-9F42-0E320D1A7DFD}
	EndGlobalSection
EndGlobal
